// !$*UTF8*$!
{
	archiveVersion = 1;
	classes = {
	};
	objectVersion = 77;
	objects = {

/* Begin PBXBuildFile section */
		ED580D962D298B2200D41F86 /* FirebaseAnalytics in Frameworks */ = {isa = PBXBuildFile; productRef = ED580D952D298B2200D41F86 /* FirebaseAnalytics */; };
		ED580D982D298B2200D41F86 /* FirebaseAnalyticsOnDeviceConversion in Frameworks */ = {isa = PBXBuildFile; productRef = ED580D972D298B2200D41F86 /* FirebaseAnalyticsOnDeviceConversion */; };
		ED580D9A2D298B2200D41F86 /* FirebaseAnalyticsWithoutAdIdSupport in Frameworks */ = {isa = PBXBuildFile; productRef = ED580D992D298B2200D41F86 /* FirebaseAnalyticsWithoutAdIdSupport */; };
		ED580D9C2D298B2200D41F86 /* FirebaseAppCheck in Frameworks */ = {isa = PBXBuildFile; productRef = ED580D9B2D298B2200D41F86 /* FirebaseAppCheck */; };
		ED580D9E2D298B2200D41F86 /* FirebaseAppDistribution-Beta in Frameworks */ = {isa = PBXBuildFile; productRef = ED580D9D2D298B2200D41F86 /* FirebaseAppDistribution-Beta */; };
		ED580DA02D298B2200D41F86 /* FirebaseAuth in Frameworks */ = {isa = PBXBuildFile; productRef = ED580D9F2D298B2200D41F86 /* FirebaseAuth */; };
		ED580DA22D298B2200D41F86 /* FirebaseAuthCombine-Community in Frameworks */ = {isa = PBXBuildFile; productRef = ED580DA12D298B2200D41F86 /* FirebaseAuthCombine-Community */; };
		ED580DA42D298B2200D41F86 /* FirebaseCore in Frameworks */ = {isa = PBXBuildFile; productRef = ED580DA32D298B2200D41F86 /* FirebaseCore */; };
		ED580DA62D298B2200D41F86 /* FirebaseCrashlytics in Frameworks */ = {isa = PBXBuildFile; productRef = ED580DA52D298B2200D41F86 /* FirebaseCrashlytics */; };
		ED580DA82D298B2200D41F86 /* FirebaseDatabase in Frameworks */ = {isa = PBXBuildFile; productRef = ED580DA72D298B2200D41F86 /* FirebaseDatabase */; };
		ED580DAA2D298B2200D41F86 /* FirebaseDynamicLinks in Frameworks */ = {isa = PBXBuildFile; productRef = ED580DA92D298B2200D41F86 /* FirebaseDynamicLinks */; };
		ED580DAC2D298B2200D41F86 /* FirebaseFirestore in Frameworks */ = {isa = PBXBuildFile; productRef = ED580DAB2D298B2200D41F86 /* FirebaseFirestore */; };
		ED580DAE2D298B2200D41F86 /* FirebaseFirestoreCombine-Community in Frameworks */ = {isa = PBXBuildFile; productRef = ED580DAD2D298B2200D41F86 /* FirebaseFirestoreCombine-Community */; };
		ED580DB02D298B2200D41F86 /* FirebaseFunctions in Frameworks */ = {isa = PBXBuildFile; productRef = ED580DAF2D298B2200D41F86 /* FirebaseFunctions */; };
		ED580DB22D298B2200D41F86 /* FirebaseFunctionsCombine-Community in Frameworks */ = {isa = PBXBuildFile; productRef = ED580DB12D298B2200D41F86 /* FirebaseFunctionsCombine-Community */; };
		ED580DB42D298B2200D41F86 /* FirebaseInAppMessaging-Beta in Frameworks */ = {isa = PBXBuildFile; productRef = ED580DB32D298B2200D41F86 /* FirebaseInAppMessaging-Beta */; };
		ED580DB62D298B2200D41F86 /* FirebaseInstallations in Frameworks */ = {isa = PBXBuildFile; productRef = ED580DB52D298B2200D41F86 /* FirebaseInstallations */; };
		ED580DB82D298B2200D41F86 /* FirebaseMLModelDownloader in Frameworks */ = {isa = PBXBuildFile; productRef = ED580DB72D298B2200D41F86 /* FirebaseMLModelDownloader */; };
		ED580DBA2D298B2200D41F86 /* FirebaseMessaging in Frameworks */ = {isa = PBXBuildFile; productRef = ED580DB92D298B2200D41F86 /* FirebaseMessaging */; };
		ED580DBC2D298B2200D41F86 /* FirebasePerformance in Frameworks */ = {isa = PBXBuildFile; productRef = ED580DBB2D298B2200D41F86 /* FirebasePerformance */; };
		ED580DBE2D298B2200D41F86 /* FirebaseRemoteConfig in Frameworks */ = {isa = PBXBuildFile; productRef = ED580DBD2D298B2200D41F86 /* FirebaseRemoteConfig */; };
		ED580DC02D298B2200D41F86 /* FirebaseStorage in Frameworks */ = {isa = PBXBuildFile; productRef = ED580DBF2D298B2200D41F86 /* FirebaseStorage */; };
		ED580DC22D298B2200D41F86 /* FirebaseStorageCombine-Community in Frameworks */ = {isa = PBXBuildFile; productRef = ED580DC12D298B2200D41F86 /* FirebaseStorageCombine-Community */; };
		ED580DC42D298B2200D41F86 /* FirebaseVertexAI in Frameworks */ = {isa = PBXBuildFile; productRef = ED580DC32D298B2200D41F86 /* FirebaseVertexAI */; };
		EDC518BD2CD45FBC0048E41C /* GoogleService-Info.plist in Resources */ = {isa = PBXBuildFile; fileRef = EDC518BC2CD45FBC0048E41C /* GoogleService-Info.plist */; };
/* End PBXBuildFile section */

/* Begin PBXFileReference section */
		ED580DF52D29921D00D41F86 /* SO Wallet.app */ = {isa = PBXFileReference; explicitFileType = wrapper.application; includeInIndex = 0; path = "SO Wallet.app"; sourceTree = BUILT_PRODUCTS_DIR; };
		EDC518BC2CD45FBC0048E41C /* GoogleService-Info.plist */ = {isa = PBXFileReference; lastKnownFileType = text.plist.xml; path = "GoogleService-Info.plist"; sourceTree = "<group>"; };
/* End PBXFileReference section */

/* Begin PBXFileSystemSynchronizedRootGroup section */
		ED7918E02CCDA554003F597F /* SO Wallet */ = {
			isa = PBXFileSystemSynchronizedRootGroup;
			path = "SO Wallet";
			sourceTree = "<group>";
		};
/* End PBXFileSystemSynchronizedRootGroup section */

/* Begin PBXFrameworksBuildPhase section */
		ED7918DB2CCDA554003F597F /* Frameworks */ = {
			isa = PBXFrameworksBuildPhase;
			buildActionMask = 2147483647;
			files = (
				ED580D962D298B2200D41F86 /* FirebaseAnalytics in Frameworks */,
				ED580DAC2D298B2200D41F86 /* FirebaseFirestore in Frameworks */,
				ED580D982D298B2200D41F86 /* FirebaseAnalyticsOnDeviceConversion in Frameworks */,
				ED580DB62D298B2200D41F86 /* FirebaseInstallations in Frameworks */,
				ED580D9C2D298B2200D41F86 /* FirebaseAppCheck in Frameworks */,
				ED580DB42D298B2200D41F86 /* FirebaseInAppMessaging-Beta in Frameworks */,
				ED580D9A2D298B2200D41F86 /* FirebaseAnalyticsWithoutAdIdSupport in Frameworks */,
				ED580DA02D298B2200D41F86 /* FirebaseAuth in Frameworks */,
				ED580DB22D298B2200D41F86 /* FirebaseFunctionsCombine-Community in Frameworks */,
				ED580DC22D298B2200D41F86 /* FirebaseStorageCombine-Community in Frameworks */,
				ED580D9E2D298B2200D41F86 /* FirebaseAppDistribution-Beta in Frameworks */,
				ED580DC42D298B2200D41F86 /* FirebaseVertexAI in Frameworks */,
				ED580DC02D298B2200D41F86 /* FirebaseStorage in Frameworks */,
				ED580DBE2D298B2200D41F86 /* FirebaseRemoteConfig in Frameworks */,
				ED580DA62D298B2200D41F86 /* FirebaseCrashlytics in Frameworks */,
				ED580DBA2D298B2200D41F86 /* FirebaseMessaging in Frameworks */,
				ED580DB82D298B2200D41F86 /* FirebaseMLModelDownloader in Frameworks */,
				ED580DBC2D298B2200D41F86 /* FirebasePerformance in Frameworks */,
				ED580DA82D298B2200D41F86 /* FirebaseDatabase in Frameworks */,
				ED580DA42D298B2200D41F86 /* FirebaseCore in Frameworks */,
				ED580DA22D298B2200D41F86 /* FirebaseAuthCombine-Community in Frameworks */,
				ED580DB02D298B2200D41F86 /* FirebaseFunctions in Frameworks */,
				ED580DAA2D298B2200D41F86 /* FirebaseDynamicLinks in Frameworks */,
				ED580DAE2D298B2200D41F86 /* FirebaseFirestoreCombine-Community in Frameworks */,
			);
			runOnlyForDeploymentPostprocessing = 0;
		};
/* End PBXFrameworksBuildPhase section */

/* Begin PBXGroup section */
		ED7918D52CCDA554003F597F = {
			isa = PBXGroup;
			children = (
				EDC518BC2CD45FBC0048E41C /* GoogleService-Info.plist */,
				ED7918E02CCDA554003F597F /* SO Wallet */,
				ED580DF52D29921D00D41F86 /* SO Wallet.app */,
			);
			sourceTree = "<group>";
		};
/* End PBXGroup section */

/* Begin PBXNativeTarget section */
		ED7918DD2CCDA554003F597F /* SO Wallet */ = {
			isa = PBXNativeTarget;
			buildConfigurationList = ED7919072CCDA558003F597F /* Build configuration list for PBXNativeTarget "SO Wallet" */;
			buildPhases = (
				028A028AC5D6554890F8E8DD /* [CP] Check Pods Manifest.lock */,
				ED7918DA2CCDA554003F597F /* Sources */,
				ED7918DB2CCDA554003F597F /* Frameworks */,
				ED7918DC2CCDA554003F597F /* Resources */,
				CC6CE3C6FF17865DB84A571A /* [CP] Embed Pods Frameworks */,
			);
			buildRules = (
			);
			dependencies = (
				ED580DC62D298E4100D41F86 /* PBXTargetDependency */,
				ED580DC82D298E4100D41F86 /* PBXTargetDependency */,
				ED580DCA2D298E4100D41F86 /* PBXTargetDependency */,
				ED580DCC2D298E4100D41F86 /* PBXTargetDependency */,
				ED580DCE2D298E4100D41F86 /* PBXTargetDependency */,
				ED580DD02D298E4100D41F86 /* PBXTargetDependency */,
				ED580DD22D298E4100D41F86 /* PBXTargetDependency */,
				ED580DD42D298E4100D41F86 /* PBXTargetDependency */,
				ED580DD62D298E4100D41F86 /* PBXTargetDependency */,
				ED580DD82D298E4100D41F86 /* PBXTargetDependency */,
				ED580DDA2D298E4100D41F86 /* PBXTargetDependency */,
				ED580DDC2D298E4100D41F86 /* PBXTargetDependency */,
				ED580DDE2D298E4100D41F86 /* PBXTargetDependency */,
				ED580DE02D298E4100D41F86 /* PBXTargetDependency */,
				ED580DE22D298E4100D41F86 /* PBXTargetDependency */,
				ED580DE42D298E4100D41F86 /* PBXTargetDependency */,
				ED580DE62D298E4100D41F86 /* PBXTargetDependency */,
				ED580DE82D298E4100D41F86 /* PBXTargetDependency */,
				ED580DEA2D298E4100D41F86 /* PBXTargetDependency */,
				ED580DEC2D298E4100D41F86 /* PBXTargetDependency */,
				ED580DEE2D298E4100D41F86 /* PBXTargetDependency */,
				ED580DF02D298E4100D41F86 /* PBXTargetDependency */,
				ED580DF22D298E4100D41F86 /* PBXTargetDependency */,
				ED580DF42D298E4100D41F86 /* PBXTargetDependency */,
			);
			fileSystemSynchronizedGroups = (
				ED7918E02CCDA554003F597F /* SO Wallet */,
			);
			name = "SO Wallet";
			productName = "SO Wallet";
			productReference = ED580DF52D29921D00D41F86 /* SO Wallet.app */;
			productType = "com.apple.product-type.application";
		};
/* End PBXNativeTarget section */

/* Begin PBXProject section */
		ED7918D62CCDA554003F597F /* Project object */ = {
			isa = PBXProject;
			attributes = {
				BuildIndependentTargetsInParallel = 1;
				LastSwiftUpdateCheck = 1600;
				LastUpgradeCheck = 1620;
				TargetAttributes = {
					ED7918DD2CCDA554003F597F = {
						CreatedOnToolsVersion = 16.0;
					};
				};
			};
			buildConfigurationList = ED7918D92CCDA554003F597F /* Build configuration list for PBXProject "SO Wallet" */;
			developmentRegion = en;
			hasScannedForEncodings = 0;
			knownRegions = (
				en,
				Base,
			);
			mainGroup = ED7918D52CCDA554003F597F;
			minimizedProjectReferenceProxies = 1;
			packageReferences = (
				ED580D942D298B2200D41F86 /* XCRemoteSwiftPackageReference "firebase-ios-sdk" */,
			);
			preferredProjectObjectVersion = 77;
			productRefGroup = ED7918D52CCDA554003F597F;
			projectDirPath = "";
			projectRoot = "";
			targets = (
				ED7918DD2CCDA554003F597F /* SO Wallet */,
			);
		};
/* End PBXProject section */

/* Begin PBXResourcesBuildPhase section */
		ED7918DC2CCDA554003F597F /* Resources */ = {
			isa = PBXResourcesBuildPhase;
			buildActionMask = 2147483647;
			files = (
				EDC518BD2CD45FBC0048E41C /* GoogleService-Info.plist in Resources */,
			);
			runOnlyForDeploymentPostprocessing = 0;
		};
/* End PBXResourcesBuildPhase section */

/* Begin PBXShellScriptBuildPhase section */
		028A028AC5D6554890F8E8DD /* [CP] Check Pods Manifest.lock */ = {
			isa = PBXShellScriptBuildPhase;
			buildActionMask = 2147483647;
			files = (
			);
			inputFileListPaths = (
			);
			inputPaths = (
				"${PODS_PODFILE_DIR_PATH}/Podfile.lock",
				"${PODS_ROOT}/Manifest.lock",
			);
			name = "[CP] Check Pods Manifest.lock";
			outputFileListPaths = (
			);
			outputPaths = (
				"$(DERIVED_FILE_DIR)/Pods-SO Wallet-checkManifestLockResult.txt",
			);
			runOnlyForDeploymentPostprocessing = 0;
			shellPath = /bin/sh;
			shellScript = "diff \"${PODS_PODFILE_DIR_PATH}/Podfile.lock\" \"${PODS_ROOT}/Manifest.lock\" > /dev/null\nif [ $? != 0 ] ; then\n    # print error to STDERR\n    echo \"error: The sandbox is not in sync with the Podfile.lock. Run 'pod install' or update your CocoaPods installation.\" >&2\n    exit 1\nfi\n# This output is used by Xcode 'outputs' to avoid re-running this script phase.\necho \"SUCCESS\" > \"${SCRIPT_OUTPUT_FILE_0}\"\n";
			showEnvVarsInLog = 0;
		};
		CC6CE3C6FF17865DB84A571A /* [CP] Embed Pods Frameworks */ = {
			isa = PBXShellScriptBuildPhase;
			buildActionMask = 2147483647;
			files = (
			);
			inputFileListPaths = (
				"${PODS_ROOT}/Target Support Files/Pods-SO Wallet/Pods-SO Wallet-frameworks-${CONFIGURATION}-input-files.xcfilelist",
			);
			name = "[CP] Embed Pods Frameworks";
			outputFileListPaths = (
				"${PODS_ROOT}/Target Support Files/Pods-SO Wallet/Pods-SO Wallet-frameworks-${CONFIGURATION}-output-files.xcfilelist",
			);
			runOnlyForDeploymentPostprocessing = 0;
			shellPath = /bin/sh;
			shellScript = "\"${PODS_ROOT}/Target Support Files/Pods-SO Wallet/Pods-SO Wallet-frameworks.sh\"\n";
			showEnvVarsInLog = 0;
		};
/* End PBXShellScriptBuildPhase section */

/* Begin PBXSourcesBuildPhase section */
		ED7918DA2CCDA554003F597F /* Sources */ = {
			isa = PBXSourcesBuildPhase;
			buildActionMask = 2147483647;
			files = (
			);
			runOnlyForDeploymentPostprocessing = 0;
		};
/* End PBXSourcesBuildPhase section */

/* Begin PBXTargetDependency section */
		ED580DC62D298E4100D41F86 /* PBXTargetDependency */ = {
			isa = PBXTargetDependency;
			productRef = ED580DC52D298E4100D41F86 /* FirebaseAnalytics */;
		};
		ED580DC82D298E4100D41F86 /* PBXTargetDependency */ = {
			isa = PBXTargetDependency;
			productRef = ED580DC72D298E4100D41F86 /* FirebaseAnalyticsOnDeviceConversion */;
		};
		ED580DCA2D298E4100D41F86 /* PBXTargetDependency */ = {
			isa = PBXTargetDependency;
			productRef = ED580DC92D298E4100D41F86 /* FirebaseAnalyticsWithoutAdIdSupport */;
		};
		ED580DCC2D298E4100D41F86 /* PBXTargetDependency */ = {
			isa = PBXTargetDependency;
			productRef = ED580DCB2D298E4100D41F86 /* FirebaseAppCheck */;
		};
		ED580DCE2D298E4100D41F86 /* PBXTargetDependency */ = {
			isa = PBXTargetDependency;
			productRef = ED580DCD2D298E4100D41F86 /* FirebaseAppDistribution-Beta */;
		};
		ED580DD02D298E4100D41F86 /* PBXTargetDependency */ = {
			isa = PBXTargetDependency;
			productRef = ED580DCF2D298E4100D41F86 /* FirebaseAuth */;
		};
		ED580DD22D298E4100D41F86 /* PBXTargetDependency */ = {
			isa = PBXTargetDependency;
			productRef = ED580DD12D298E4100D41F86 /* FirebaseAuthCombine-Community */;
		};
		ED580DD42D298E4100D41F86 /* PBXTargetDependency */ = {
			isa = PBXTargetDependency;
			productRef = ED580DD32D298E4100D41F86 /* FirebaseCore */;
		};
		ED580DD62D298E4100D41F86 /* PBXTargetDependency */ = {
			isa = PBXTargetDependency;
			productRef = ED580DD52D298E4100D41F86 /* FirebaseCrashlytics */;
		};
		ED580DD82D298E4100D41F86 /* PBXTargetDependency */ = {
			isa = PBXTargetDependency;
			productRef = ED580DD72D298E4100D41F86 /* FirebaseDatabase */;
		};
		ED580DDA2D298E4100D41F86 /* PBXTargetDependency */ = {
			isa = PBXTargetDependency;
			productRef = ED580DD92D298E4100D41F86 /* FirebaseDynamicLinks */;
		};
		ED580DDC2D298E4100D41F86 /* PBXTargetDependency */ = {
			isa = PBXTargetDependency;
			productRef = ED580DDB2D298E4100D41F86 /* FirebaseFirestore */;
		};
		ED580DDE2D298E4100D41F86 /* PBXTargetDependency */ = {
			isa = PBXTargetDependency;
			productRef = ED580DDD2D298E4100D41F86 /* FirebaseFirestoreCombine-Community */;
		};
		ED580DE02D298E4100D41F86 /* PBXTargetDependency */ = {
			isa = PBXTargetDependency;
			productRef = ED580DDF2D298E4100D41F86 /* FirebaseFunctions */;
		};
		ED580DE22D298E4100D41F86 /* PBXTargetDependency */ = {
			isa = PBXTargetDependency;
			productRef = ED580DE12D298E4100D41F86 /* FirebaseFunctionsCombine-Community */;
		};
		ED580DE42D298E4100D41F86 /* PBXTargetDependency */ = {
			isa = PBXTargetDependency;
			productRef = ED580DE32D298E4100D41F86 /* FirebaseInAppMessaging-Beta */;
		};
		ED580DE62D298E4100D41F86 /* PBXTargetDependency */ = {
			isa = PBXTargetDependency;
			productRef = ED580DE52D298E4100D41F86 /* FirebaseInstallations */;
		};
		ED580DE82D298E4100D41F86 /* PBXTargetDependency */ = {
			isa = PBXTargetDependency;
			productRef = ED580DE72D298E4100D41F86 /* FirebaseMLModelDownloader */;
		};
		ED580DEA2D298E4100D41F86 /* PBXTargetDependency */ = {
			isa = PBXTargetDependency;
			productRef = ED580DE92D298E4100D41F86 /* FirebaseMessaging */;
		};
		ED580DEC2D298E4100D41F86 /* PBXTargetDependency */ = {
			isa = PBXTargetDependency;
			productRef = ED580DEB2D298E4100D41F86 /* FirebasePerformance */;
		};
		ED580DEE2D298E4100D41F86 /* PBXTargetDependency */ = {
			isa = PBXTargetDependency;
			productRef = ED580DED2D298E4100D41F86 /* FirebaseRemoteConfig */;
		};
		ED580DF02D298E4100D41F86 /* PBXTargetDependency */ = {
			isa = PBXTargetDependency;
			productRef = ED580DEF2D298E4100D41F86 /* FirebaseStorage */;
		};
		ED580DF22D298E4100D41F86 /* PBXTargetDependency */ = {
			isa = PBXTargetDependency;
			productRef = ED580DF12D298E4100D41F86 /* FirebaseStorageCombine-Community */;
		};
		ED580DF42D298E4100D41F86 /* PBXTargetDependency */ = {
			isa = PBXTargetDependency;
			productRef = ED580DF32D298E4100D41F86 /* FirebaseVertexAI */;
		};
/* End PBXTargetDependency section */

/* Begin XCBuildConfiguration section */
		ED7919052CCDA558003F597F /* Debug */ = {
			isa = XCBuildConfiguration;
			buildSettings = {
				ALWAYS_SEARCH_USER_PATHS = NO;
				ASSETCATALOG_COMPILER_GENERATE_SWIFT_ASSET_SYMBOL_EXTENSIONS = YES;
				CLANG_ANALYZER_NONNULL = YES;
				CLANG_ANALYZER_NUMBER_OBJECT_CONVERSION = YES_AGGRESSIVE;
				CLANG_CXX_LANGUAGE_STANDARD = "gnu++20";
				CLANG_ENABLE_MODULES = YES;
				CLANG_ENABLE_OBJC_ARC = YES;
				CLANG_ENABLE_OBJC_WEAK = YES;
				CLANG_WARN_BLOCK_CAPTURE_AUTORELEASING = YES;
				CLANG_WARN_BOOL_CONVERSION = YES;
				CLANG_WARN_COMMA = YES;
				CLANG_WARN_CONSTANT_CONVERSION = YES;
				CLANG_WARN_DEPRECATED_OBJC_IMPLEMENTATIONS = YES;
				CLANG_WARN_DIRECT_OBJC_ISA_USAGE = YES_ERROR;
				CLANG_WARN_DOCUMENTATION_COMMENTS = YES;
				CLANG_WARN_EMPTY_BODY = YES;
				CLANG_WARN_ENUM_CONVERSION = YES;
				CLANG_WARN_INFINITE_RECURSION = YES;
				CLANG_WARN_INT_CONVERSION = YES;
				CLANG_WARN_NON_LITERAL_NULL_CONVERSION = YES;
				CLANG_WARN_OBJC_IMPLICIT_RETAIN_SELF = YES;
				CLANG_WARN_OBJC_LITERAL_CONVERSION = YES;
				CLANG_WARN_OBJC_ROOT_CLASS = YES_ERROR;
				CLANG_WARN_QUOTED_INCLUDE_IN_FRAMEWORK_HEADER = YES;
				CLANG_WARN_RANGE_LOOP_ANALYSIS = YES;
				CLANG_WARN_STRICT_PROTOTYPES = YES;
				CLANG_WARN_SUSPICIOUS_MOVE = YES;
				CLANG_WARN_UNGUARDED_AVAILABILITY = YES_AGGRESSIVE;
				CLANG_WARN_UNREACHABLE_CODE = YES;
				CLANG_WARN__DUPLICATE_METHOD_MATCH = YES;
				COPY_PHASE_STRIP = NO;
				DEBUG_INFORMATION_FORMAT = dwarf;
				ENABLE_STRICT_OBJC_MSGSEND = YES;
				ENABLE_TESTABILITY = YES;
				ENABLE_USER_SCRIPT_SANDBOXING = YES;
				GCC_C_LANGUAGE_STANDARD = gnu17;
				GCC_DYNAMIC_NO_PIC = NO;
				GCC_NO_COMMON_BLOCKS = YES;
				GCC_OPTIMIZATION_LEVEL = 0;
				GCC_PREPROCESSOR_DEFINITIONS = (
					"DEBUG=1",
					"$(inherited)",
				);
				GCC_WARN_64_TO_32_BIT_CONVERSION = YES;
				GCC_WARN_ABOUT_RETURN_TYPE = YES_ERROR;
				GCC_WARN_UNDECLARED_SELECTOR = YES;
				GCC_WARN_UNINITIALIZED_AUTOS = YES_AGGRESSIVE;
				GCC_WARN_UNUSED_FUNCTION = YES;
				GCC_WARN_UNUSED_VARIABLE = YES;
				IPHONEOS_DEPLOYMENT_TARGET = 18.0;
				LOCALIZATION_PREFERS_STRING_CATALOGS = YES;
				MTL_ENABLE_DEBUG_INFO = INCLUDE_SOURCE;
				MTL_FAST_MATH = YES;
				ONLY_ACTIVE_ARCH = YES;
				SDKROOT = iphoneos;
				SWIFT_ACTIVE_COMPILATION_CONDITIONS = "DEBUG $(inherited)";
				SWIFT_OPTIMIZATION_LEVEL = "-Onone";
			};
			name = Debug;
		};
		ED7919062CCDA558003F597F /* Release */ = {
			isa = XCBuildConfiguration;
			buildSettings = {
				ALWAYS_SEARCH_USER_PATHS = NO;
				ASSETCATALOG_COMPILER_GENERATE_SWIFT_ASSET_SYMBOL_EXTENSIONS = YES;
				CLANG_ANALYZER_NONNULL = YES;
				CLANG_ANALYZER_NUMBER_OBJECT_CONVERSION = YES_AGGRESSIVE;
				CLANG_CXX_LANGUAGE_STANDARD = "gnu++20";
				CLANG_ENABLE_MODULES = YES;
				CLANG_ENABLE_OBJC_ARC = YES;
				CLANG_ENABLE_OBJC_WEAK = YES;
				CLANG_WARN_BLOCK_CAPTURE_AUTORELEASING = YES;
				CLANG_WARN_BOOL_CONVERSION = YES;
				CLANG_WARN_COMMA = YES;
				CLANG_WARN_CONSTANT_CONVERSION = YES;
				CLANG_WARN_DEPRECATED_OBJC_IMPLEMENTATIONS = YES;
				CLANG_WARN_DIRECT_OBJC_ISA_USAGE = YES_ERROR;
				CLANG_WARN_DOCUMENTATION_COMMENTS = YES;
				CLANG_WARN_EMPTY_BODY = YES;
				CLANG_WARN_ENUM_CONVERSION = YES;
				CLANG_WARN_INFINITE_RECURSION = YES;
				CLANG_WARN_INT_CONVERSION = YES;
				CLANG_WARN_NON_LITERAL_NULL_CONVERSION = YES;
				CLANG_WARN_OBJC_IMPLICIT_RETAIN_SELF = YES;
				CLANG_WARN_OBJC_LITERAL_CONVERSION = YES;
				CLANG_WARN_OBJC_ROOT_CLASS = YES_ERROR;
				CLANG_WARN_QUOTED_INCLUDE_IN_FRAMEWORK_HEADER = YES;
				CLANG_WARN_RANGE_LOOP_ANALYSIS = YES;
				CLANG_WARN_STRICT_PROTOTYPES = YES;
				CLANG_WARN_SUSPICIOUS_MOVE = YES;
				CLANG_WARN_UNGUARDED_AVAILABILITY = YES_AGGRESSIVE;
				CLANG_WARN_UNREACHABLE_CODE = YES;
				CLANG_WARN__DUPLICATE_METHOD_MATCH = YES;
				COPY_PHASE_STRIP = NO;
				DEBUG_INFORMATION_FORMAT = "dwarf-with-dsym";
				ENABLE_NS_ASSERTIONS = NO;
				ENABLE_STRICT_OBJC_MSGSEND = YES;
				ENABLE_USER_SCRIPT_SANDBOXING = YES;
				GCC_C_LANGUAGE_STANDARD = gnu17;
				GCC_NO_COMMON_BLOCKS = YES;
				GCC_WARN_64_TO_32_BIT_CONVERSION = YES;
				GCC_WARN_ABOUT_RETURN_TYPE = YES_ERROR;
				GCC_WARN_UNDECLARED_SELECTOR = YES;
				GCC_WARN_UNINITIALIZED_AUTOS = YES_AGGRESSIVE;
				GCC_WARN_UNUSED_FUNCTION = YES;
				GCC_WARN_UNUSED_VARIABLE = YES;
				IPHONEOS_DEPLOYMENT_TARGET = 18.0;
				LOCALIZATION_PREFERS_STRING_CATALOGS = YES;
				MTL_ENABLE_DEBUG_INFO = NO;
				MTL_FAST_MATH = YES;
				SDKROOT = iphoneos;
				SWIFT_COMPILATION_MODE = wholemodule;
				VALIDATE_PRODUCT = YES;
			};
			name = Release;
		};
		ED7919082CCDA558003F597F /* Debug */ = {
			isa = XCBuildConfiguration;
			buildSettings = {
				ASSETCATALOG_COMPILER_APPICON_NAME = AppIcon;
				ASSETCATALOG_COMPILER_GLOBAL_ACCENT_COLOR_NAME = AccentColor;
				CODE_SIGN_IDENTITY = "Apple Development";
				CODE_SIGN_STYLE = Automatic;
				CURRENT_PROJECT_VERSION = 1;
				DEVELOPMENT_ASSET_PATHS = "\"$(SRCROOT)/SO Wallet/Assets.xcassets\"";
				DEVELOPMENT_TEAM = NHB8KZLXU3;
				ENABLE_PREVIEWS = YES;
				GENERATE_INFOPLIST_FILE = YES;
				INFOPLIST_KEY_UIApplicationSceneManifest_Generation = YES;
				INFOPLIST_KEY_UIApplicationSupportsIndirectInputEvents = YES;
				INFOPLIST_KEY_UILaunchScreen_Generation = YES;
				INFOPLIST_KEY_UISupportedInterfaceOrientations_iPad = "UIInterfaceOrientationPortrait UIInterfaceOrientationPortraitUpsideDown UIInterfaceOrientationLandscapeLeft UIInterfaceOrientationLandscapeRight";
				INFOPLIST_KEY_UISupportedInterfaceOrientations_iPhone = "UIInterfaceOrientationPortrait UIInterfaceOrientationLandscapeLeft UIInterfaceOrientationLandscapeRight";
				LD_RUNPATH_SEARCH_PATHS = (
					"$(inherited)",
					"@executable_path/Frameworks",
				);
				MARKETING_VERSION = 1.0;
				PRODUCT_BUNDLE_IDENTIFIER = "com.wallet.so-wallet";
				PRODUCT_NAME = "$(TARGET_NAME)";
				PROVISIONING_PROFILE_SPECIFIER = "";
				SWIFT_EMIT_LOC_STRINGS = YES;
				SWIFT_VERSION = 5.0;
				TARGETED_DEVICE_FAMILY = "1,2";
			};
			name = Debug;
		};
		ED7919092CCDA558003F597F /* Release */ = {
			isa = XCBuildConfiguration;
			buildSettings = {
				ASSETCATALOG_COMPILER_APPICON_NAME = AppIcon;
				ASSETCATALOG_COMPILER_GLOBAL_ACCENT_COLOR_NAME = AccentColor;
				CODE_SIGN_IDENTITY = "Apple Development";
				CODE_SIGN_STYLE = Automatic;
				CURRENT_PROJECT_VERSION = 1;
				DEVELOPMENT_ASSET_PATHS = "\"$(SRCROOT)/SO Wallet/Assets.xcassets\"";
				DEVELOPMENT_TEAM = NHB8KZLXU3;
				ENABLE_PREVIEWS = YES;
				GENERATE_INFOPLIST_FILE = YES;
				INFOPLIST_KEY_UIApplicationSceneManifest_Generation = YES;
				INFOPLIST_KEY_UIApplicationSupportsIndirectInputEvents = YES;
				INFOPLIST_KEY_UILaunchScreen_Generation = YES;
				INFOPLIST_KEY_UISupportedInterfaceOrientations_iPad = "UIInterfaceOrientationPortrait UIInterfaceOrientationPortraitUpsideDown UIInterfaceOrientationLandscapeLeft UIInterfaceOrientationLandscapeRight";
				INFOPLIST_KEY_UISupportedInterfaceOrientations_iPhone = "UIInterfaceOrientationPortrait UIInterfaceOrientationLandscapeLeft UIInterfaceOrientationLandscapeRight";
				LD_RUNPATH_SEARCH_PATHS = (
					"$(inherited)",
					"@executable_path/Frameworks",
				);
				MARKETING_VERSION = 1.0;
				PRODUCT_BUNDLE_IDENTIFIER = "com.wallet.so-wallet";
				PRODUCT_NAME = "$(TARGET_NAME)";
				PROVISIONING_PROFILE_SPECIFIER = "";
				SWIFT_EMIT_LOC_STRINGS = YES;
				SWIFT_VERSION = 5.0;
				TARGETED_DEVICE_FAMILY = "1,2";
			};
			name = Release;
		};
/* End XCBuildConfiguration section */

/* Begin XCConfigurationList section */
		ED7918D92CCDA554003F597F /* Build configuration list for PBXProject "SO Wallet" */ = {
			isa = XCConfigurationList;
			buildConfigurations = (
				ED7919052CCDA558003F597F /* Debug */,
				ED7919062CCDA558003F597F /* Release */,
			);
			defaultConfigurationIsVisible = 0;
			defaultConfigurationName = Release;
		};
		ED7919072CCDA558003F597F /* Build configuration list for PBXNativeTarget "SO Wallet" */ = {
			isa = XCConfigurationList;
			buildConfigurations = (
				ED7919082CCDA558003F597F /* Debug */,
				ED7919092CCDA558003F597F /* Release */,
			);
			defaultConfigurationIsVisible = 0;
			defaultConfigurationName = Release;
		};
/* End XCConfigurationList section */

/* Begin XCRemoteSwiftPackageReference section */
		ED580D942D298B2200D41F86 /* XCRemoteSwiftPackageReference "firebase-ios-sdk" */ = {
			isa = XCRemoteSwiftPackageReference;
			repositoryURL = "https://github.com/firebase/firebase-ios-sdk";
			requirement = {
				kind = upToNextMajorVersion;
				minimumVersion = 11.6.0;
			};
		};
/* End XCRemoteSwiftPackageReference section */

/* Begin XCSwiftPackageProductDependency section */
		ED580D952D298B2200D41F86 /* FirebaseAnalytics */ = {
			isa = XCSwiftPackageProductDependency;
			package = ED580D942D298B2200D41F86 /* XCRemoteSwiftPackageReference "firebase-ios-sdk" */;
			productName = FirebaseAnalytics;
		};
		ED580D972D298B2200D41F86 /* FirebaseAnalyticsOnDeviceConversion */ = {
			isa = XCSwiftPackageProductDependency;
			package = ED580D942D298B2200D41F86 /* XCRemoteSwiftPackageReference "firebase-ios-sdk" */;
			productName = FirebaseAnalyticsOnDeviceConversion;
		};
		ED580D992D298B2200D41F86 /* FirebaseAnalyticsWithoutAdIdSupport */ = {
			isa = XCSwiftPackageProductDependency;
			package = ED580D942D298B2200D41F86 /* XCRemoteSwiftPackageReference "firebase-ios-sdk" */;
			productName = FirebaseAnalyticsWithoutAdIdSupport;
		};
		ED580D9B2D298B2200D41F86 /* FirebaseAppCheck */ = {
			isa = XCSwiftPackageProductDependency;
			package = ED580D942D298B2200D41F86 /* XCRemoteSwiftPackageReference "firebase-ios-sdk" */;
			productName = FirebaseAppCheck;
		};
		ED580D9D2D298B2200D41F86 /* FirebaseAppDistribution-Beta */ = {
			isa = XCSwiftPackageProductDependency;
			package = ED580D942D298B2200D41F86 /* XCRemoteSwiftPackageReference "firebase-ios-sdk" */;
			productName = "FirebaseAppDistribution-Beta";
		};
		ED580D9F2D298B2200D41F86 /* FirebaseAuth */ = {
			isa = XCSwiftPackageProductDependency;
			package = ED580D942D298B2200D41F86 /* XCRemoteSwiftPackageReference "firebase-ios-sdk" */;
			productName = FirebaseAuth;
		};
		ED580DA12D298B2200D41F86 /* FirebaseAuthCombine-Community */ = {
			isa = XCSwiftPackageProductDependency;
			package = ED580D942D298B2200D41F86 /* XCRemoteSwiftPackageReference "firebase-ios-sdk" */;
			productName = "FirebaseAuthCombine-Community";
		};
		ED580DA32D298B2200D41F86 /* FirebaseCore */ = {
			isa = XCSwiftPackageProductDependency;
			package = ED580D942D298B2200D41F86 /* XCRemoteSwiftPackageReference "firebase-ios-sdk" */;
			productName = FirebaseCore;
		};
		ED580DA52D298B2200D41F86 /* FirebaseCrashlytics */ = {
			isa = XCSwiftPackageProductDependency;
			package = ED580D942D298B2200D41F86 /* XCRemoteSwiftPackageReference "firebase-ios-sdk" */;
			productName = FirebaseCrashlytics;
		};
		ED580DA72D298B2200D41F86 /* FirebaseDatabase */ = {
			isa = XCSwiftPackageProductDependency;
			package = ED580D942D298B2200D41F86 /* XCRemoteSwiftPackageReference "firebase-ios-sdk" */;
			productName = FirebaseDatabase;
		};
		ED580DA92D298B2200D41F86 /* FirebaseDynamicLinks */ = {
			isa = XCSwiftPackageProductDependency;
			package = ED580D942D298B2200D41F86 /* XCRemoteSwiftPackageReference "firebase-ios-sdk" */;
			productName = FirebaseDynamicLinks;
		};
		ED580DAB2D298B2200D41F86 /* FirebaseFirestore */ = {
			isa = XCSwiftPackageProductDependency;
			package = ED580D942D298B2200D41F86 /* XCRemoteSwiftPackageReference "firebase-ios-sdk" */;
			productName = FirebaseFirestore;
		};
		ED580DAD2D298B2200D41F86 /* FirebaseFirestoreCombine-Community */ = {
			isa = XCSwiftPackageProductDependency;
			package = ED580D942D298B2200D41F86 /* XCRemoteSwiftPackageReference "firebase-ios-sdk" */;
			productName = "FirebaseFirestoreCombine-Community";
		};
		ED580DAF2D298B2200D41F86 /* FirebaseFunctions */ = {
			isa = XCSwiftPackageProductDependency;
			package = ED580D942D298B2200D41F86 /* XCRemoteSwiftPackageReference "firebase-ios-sdk" */;
			productName = FirebaseFunctions;
		};
		ED580DB12D298B2200D41F86 /* FirebaseFunctionsCombine-Community */ = {
			isa = XCSwiftPackageProductDependency;
			package = ED580D942D298B2200D41F86 /* XCRemoteSwiftPackageReference "firebase-ios-sdk" */;
			productName = "FirebaseFunctionsCombine-Community";
		};
		ED580DB32D298B2200D41F86 /* FirebaseInAppMessaging-Beta */ = {
			isa = XCSwiftPackageProductDependency;
			package = ED580D942D298B2200D41F86 /* XCRemoteSwiftPackageReference "firebase-ios-sdk" */;
			productName = "FirebaseInAppMessaging-Beta";
		};
		ED580DB52D298B2200D41F86 /* FirebaseInstallations */ = {
			isa = XCSwiftPackageProductDependency;
			package = ED580D942D298B2200D41F86 /* XCRemoteSwiftPackageReference "firebase-ios-sdk" */;
			productName = FirebaseInstallations;
		};
		ED580DB72D298B2200D41F86 /* FirebaseMLModelDownloader */ = {
			isa = XCSwiftPackageProductDependency;
			package = ED580D942D298B2200D41F86 /* XCRemoteSwiftPackageReference "firebase-ios-sdk" */;
			productName = FirebaseMLModelDownloader;
		};
		ED580DB92D298B2200D41F86 /* FirebaseMessaging */ = {
			isa = XCSwiftPackageProductDependency;
			package = ED580D942D298B2200D41F86 /* XCRemoteSwiftPackageReference "firebase-ios-sdk" */;
			productName = FirebaseMessaging;
		};
		ED580DBB2D298B2200D41F86 /* FirebasePerformance */ = {
			isa = XCSwiftPackageProductDependency;
			package = ED580D942D298B2200D41F86 /* XCRemoteSwiftPackageReference "firebase-ios-sdk" */;
			productName = FirebasePerformance;
		};
		ED580DBD2D298B2200D41F86 /* FirebaseRemoteConfig */ = {
			isa = XCSwiftPackageProductDependency;
			package = ED580D942D298B2200D41F86 /* XCRemoteSwiftPackageReference "firebase-ios-sdk" */;
			productName = FirebaseRemoteConfig;
		};
		ED580DBF2D298B2200D41F86 /* FirebaseStorage */ = {
			isa = XCSwiftPackageProductDependency;
			package = ED580D942D298B2200D41F86 /* XCRemoteSwiftPackageReference "firebase-ios-sdk" */;
			productName = FirebaseStorage;
		};
		ED580DC12D298B2200D41F86 /* FirebaseStorageCombine-Community */ = {
			isa = XCSwiftPackageProductDependency;
			package = ED580D942D298B2200D41F86 /* XCRemoteSwiftPackageReference "firebase-ios-sdk" */;
			productName = "FirebaseStorageCombine-Community";
		};
		ED580DC32D298B2200D41F86 /* FirebaseVertexAI */ = {
			isa = XCSwiftPackageProductDependency;
			package = ED580D942D298B2200D41F86 /* XCRemoteSwiftPackageReference "firebase-ios-sdk" */;
			productName = FirebaseVertexAI;
		};
		ED580DC52D298E4100D41F86 /* FirebaseAnalytics */ = {
			isa = XCSwiftPackageProductDependency;
			package = ED580D942D298B2200D41F86 /* XCRemoteSwiftPackageReference "firebase-ios-sdk" */;
			productName = FirebaseAnalytics;
		};
		ED580DC72D298E4100D41F86 /* FirebaseAnalyticsOnDeviceConversion */ = {
			isa = XCSwiftPackageProductDependency;
			package = ED580D942D298B2200D41F86 /* XCRemoteSwiftPackageReference "firebase-ios-sdk" */;
			productName = FirebaseAnalyticsOnDeviceConversion;
		};
		ED580DC92D298E4100D41F86 /* FirebaseAnalyticsWithoutAdIdSupport */ = {
			isa = XCSwiftPackageProductDependency;
			package = ED580D942D298B2200D41F86 /* XCRemoteSwiftPackageReference "firebase-ios-sdk" */;
			productName = FirebaseAnalyticsWithoutAdIdSupport;
		};
		ED580DCB2D298E4100D41F86 /* FirebaseAppCheck */ = {
			isa = XCSwiftPackageProductDependency;
			package = ED580D942D298B2200D41F86 /* XCRemoteSwiftPackageReference "firebase-ios-sdk" */;
			productName = FirebaseAppCheck;
		};
		ED580DCD2D298E4100D41F86 /* FirebaseAppDistribution-Beta */ = {
			isa = XCSwiftPackageProductDependency;
			package = ED580D942D298B2200D41F86 /* XCRemoteSwiftPackageReference "firebase-ios-sdk" */;
			productName = "FirebaseAppDistribution-Beta";
		};
		ED580DCF2D298E4100D41F86 /* FirebaseAuth */ = {
			isa = XCSwiftPackageProductDependency;
			package = ED580D942D298B2200D41F86 /* XCRemoteSwiftPackageReference "firebase-ios-sdk" */;
			productName = FirebaseAuth;
		};
		ED580DD12D298E4100D41F86 /* FirebaseAuthCombine-Community */ = {
			isa = XCSwiftPackageProductDependency;
			package = ED580D942D298B2200D41F86 /* XCRemoteSwiftPackageReference "firebase-ios-sdk" */;
			productName = "FirebaseAuthCombine-Community";
		};
		ED580DD32D298E4100D41F86 /* FirebaseCore */ = {
			isa = XCSwiftPackageProductDependency;
			package = ED580D942D298B2200D41F86 /* XCRemoteSwiftPackageReference "firebase-ios-sdk" */;
			productName = FirebaseCore;
		};
		ED580DD52D298E4100D41F86 /* FirebaseCrashlytics */ = {
			isa = XCSwiftPackageProductDependency;
			package = ED580D942D298B2200D41F86 /* XCRemoteSwiftPackageReference "firebase-ios-sdk" */;
			productName = FirebaseCrashlytics;
		};
		ED580DD72D298E4100D41F86 /* FirebaseDatabase */ = {
			isa = XCSwiftPackageProductDependency;
			package = ED580D942D298B2200D41F86 /* XCRemoteSwiftPackageReference "firebase-ios-sdk" */;
			productName = FirebaseDatabase;
		};
		ED580DD92D298E4100D41F86 /* FirebaseDynamicLinks */ = {
			isa = XCSwiftPackageProductDependency;
			package = ED580D942D298B2200D41F86 /* XCRemoteSwiftPackageReference "firebase-ios-sdk" */;
			productName = FirebaseDynamicLinks;
		};
		ED580DDB2D298E4100D41F86 /* FirebaseFirestore */ = {
			isa = XCSwiftPackageProductDependency;
			package = ED580D942D298B2200D41F86 /* XCRemoteSwiftPackageReference "firebase-ios-sdk" */;
			productName = FirebaseFirestore;
		};
		ED580DDD2D298E4100D41F86 /* FirebaseFirestoreCombine-Community */ = {
			isa = XCSwiftPackageProductDependency;
			package = ED580D942D298B2200D41F86 /* XCRemoteSwiftPackageReference "firebase-ios-sdk" */;
			productName = "FirebaseFirestoreCombine-Community";
		};
		ED580DDF2D298E4100D41F86 /* FirebaseFunctions */ = {
			isa = XCSwiftPackageProductDependency;
			package = ED580D942D298B2200D41F86 /* XCRemoteSwiftPackageReference "firebase-ios-sdk" */;
			productName = FirebaseFunctions;
		};
		ED580DE12D298E4100D41F86 /* FirebaseFunctionsCombine-Community */ = {
			isa = XCSwiftPackageProductDependency;
			package = ED580D942D298B2200D41F86 /* XCRemoteSwiftPackageReference "firebase-ios-sdk" */;
			productName = "FirebaseFunctionsCombine-Community";
		};
		ED580DE32D298E4100D41F86 /* FirebaseInAppMessaging-Beta */ = {
			isa = XCSwiftPackageProductDependency;
			package = ED580D942D298B2200D41F86 /* XCRemoteSwiftPackageReference "firebase-ios-sdk" */;
			productName = "FirebaseInAppMessaging-Beta";
		};
		ED580DE52D298E4100D41F86 /* FirebaseInstallations */ = {
			isa = XCSwiftPackageProductDependency;
			package = ED580D942D298B2200D41F86 /* XCRemoteSwiftPackageReference "firebase-ios-sdk" */;
			productName = FirebaseInstallations;
		};
		ED580DE72D298E4100D41F86 /* FirebaseMLModelDownloader */ = {
			isa = XCSwiftPackageProductDependency;
			package = ED580D942D298B2200D41F86 /* XCRemoteSwiftPackageReference "firebase-ios-sdk" */;
			productName = FirebaseMLModelDownloader;
		};
		ED580DE92D298E4100D41F86 /* FirebaseMessaging */ = {
			isa = XCSwiftPackageProductDependency;
			package = ED580D942D298B2200D41F86 /* XCRemoteSwiftPackageReference "firebase-ios-sdk" */;
			productName = FirebaseMessaging;
		};
		ED580DEB2D298E4100D41F86 /* FirebasePerformance */ = {
			isa = XCSwiftPackageProductDependency;
			package = ED580D942D298B2200D41F86 /* XCRemoteSwiftPackageReference "firebase-ios-sdk" */;
			productName = FirebasePerformance;
		};
		ED580DED2D298E4100D41F86 /* FirebaseRemoteConfig */ = {
			isa = XCSwiftPackageProductDependency;
			package = ED580D942D298B2200D41F86 /* XCRemoteSwiftPackageReference "firebase-ios-sdk" */;
			productName = FirebaseRemoteConfig;
		};
		ED580DEF2D298E4100D41F86 /* FirebaseStorage */ = {
			isa = XCSwiftPackageProductDependency;
			package = ED580D942D298B2200D41F86 /* XCRemoteSwiftPackageReference "firebase-ios-sdk" */;
			productName = FirebaseStorage;
		};
		ED580DF12D298E4100D41F86 /* FirebaseStorageCombine-Community */ = {
			isa = XCSwiftPackageProductDependency;
			package = ED580D942D298B2200D41F86 /* XCRemoteSwiftPackageReference "firebase-ios-sdk" */;
			productName = "FirebaseStorageCombine-Community";
		};
		ED580DF32D298E4100D41F86 /* FirebaseVertexAI */ = {
			isa = XCSwiftPackageProductDependency;
			package = ED580D942D298B2200D41F86 /* XCRemoteSwiftPackageReference "firebase-ios-sdk" */;
			productName = FirebaseVertexAI;
		};
/* End XCSwiftPackageProductDependency section */
	};
	rootObject = ED7918D62CCDA554003F597F /* Project object */;
}
